
Microsoft Visual Studio Solution File, Format Version 12.00
# Visual Studio Version 16
VisualStudioVersion = 16.0.28803.352
MinimumVisualStudioVersion = 10.0.40219.1
Project("{FAE04EC0-301F-11D3-BF4B-00C04F79EFBC}") = "Front", "Front.csproj", "{0F5EDDEC-4C9F-443F-AB64-C755EAE59D48}"
EndProject
Global
	GlobalSection(SolutionConfigurationPlatforms) = preSolution
		Debug|Any CPU = Debug|Any CPU
		Release|Any CPU = Release|Any CPU
	EndGlobalSection
	GlobalSection(ProjectConfigurationPlatforms) = postSolution
		{0F5EDDEC-4C9F-443F-AB64-C755EAE59D48}.Debug|Any CPU.ActiveCfg = Debug|Any CPU
		{0F5EDDEC-4C9F-443F-AB64-C755EAE59D48}.Debug|Any CPU.Build.0 = Debug|Any CPU
		{0F5EDDEC-4C9F-443F-AB64-C755EAE59D48}.Release|Any CPU.ActiveCfg = Release|Any CPU
		{0F5EDDEC-4C9F-443F-AB64-C755EAE59D48}.Release|Any CPU.Build.0 = Release|Any CPU
	EndGlobalSection
	GlobalSection(SolutionProperties) = preSolution
		HideSolutionNode = FALSE
	EndGlobalSection
	GlobalSection(ExtensibilityGlobals) = postSolution
		SolutionGuid = {28A0B26C-7DDA-4270-9C02-D1F4481D852F}
	EndGlobalSection
EndGlobal
